schema: '2.0'
stages:
  data_ingestion:
    cmd: python src/data_ingestion.py
    deps:
    - path: src/data_ingestion.py
      hash: md5
      md5: 8d4531b810b71d49072a3a3b39deb82b
      size: 3641
    outs:
    - path: data/raw
      hash: md5
      md5: 1a287d34dc172d9f950c03dae35f7e73.dir
      size: 484846
      nfiles: 2
  data_preprocessing:
    cmd: python src/data_preprocessing.py
    deps:
    - path: data/raw
      hash: md5
      md5: 1a287d34dc172d9f950c03dae35f7e73.dir
      size: 484846
      nfiles: 2
    - path: src/data_preprocessing.py
      hash: md5
      md5: a77e5d8bdf21f9da604318d148d1b016
      size: 3979
    outs:
    - path: data/interim
      hash: md5
      md5: d99be5cb2b019d747166f90739fa6d08.dir
      size: 260073
      nfiles: 2
  feature_engineering:
    cmd: python src/feature_engineering.py
    deps:
    - path: data/interim
      hash: md5
      md5: d99be5cb2b019d747166f90739fa6d08.dir
      size: 260073
      nfiles: 2
    - path: src/feature_engineering.py
      hash: md5
      md5: 6d3d9586b7ffa9ce23d2cbd0cf2f4a53
      size: 3914
    outs:
    - path: data/processed
      hash: md5
      md5: 75e218e1ef3eca0fbee7bf147502a2e7.dir
      size: 1179996
      nfiles: 2
  model_building:
    cmd: python src/model_building.py
    deps:
    - path: data/processed
      hash: md5
      md5: 75e218e1ef3eca0fbee7bf147502a2e7.dir
      size: 1179996
      nfiles: 2
    - path: src/model_building.py
      hash: md5
      md5: c9ad2c385fc274d81e35e2e3c1ae5690
      size: 4487
    outs:
    - path: models/model.pkl
      hash: md5
      md5: 7385b7e910c4db2087d7ed59b8e21488
      size: 998455
  model_evaluation:
    cmd: python src/model_evaluation.py
    deps:
    - path: models/model.pkl
      hash: md5
      md5: 7385b7e910c4db2087d7ed59b8e21488
      size: 998455
    - path: src/model_evaluation.py
      hash: md5
      md5: 7ed2c1aa4d4800cb29220e14cf621df1
      size: 4657
    outs:
    - path: reports/metrics.json
      hash: md5
      md5: eac6afc8901064a391e7366797af3727
      size: 145
